
Microsoft Visual Studio Solution File, Format Version 12.00
# Visual Studio 14
VisualStudioVersion = 14.0.25420.1
MinimumVisualStudioVersion = 10.0.40219.1
Project("{FAE04EC0-301F-11D3-BF4B-00C04F79EFBC}") = "Angular3SampleApp.Services", "Angular3SampleApp\Angular3SampleApp.Services.csproj", "{5B6F55F1-55DC-4FC2-876D-B9D303687594}"
EndProject
Project("{FAE04EC0-301F-11D3-BF4B-00C04F79EFBC}") = "Angular3SampleApp.Web", "Angular3SampleApp.Web\Angular3SampleApp.Web.csproj", "{C7B353C6-598E-4795-94A4-990F2ABDCDE0}"
EndProject
Global
	GlobalSection(SolutionConfigurationPlatforms) = preSolution
		Debug|Any CPU = Debug|Any CPU
		Release|Any CPU = Release|Any CPU
	EndGlobalSection
	GlobalSection(ProjectConfigurationPlatforms) = postSolution
		{5B6F55F1-55DC-4FC2-876D-B9D303687594}.Debug|Any CPU.ActiveCfg = Debug|Any CPU
		{5B6F55F1-55DC-4FC2-876D-B9D303687594}.Debug|Any CPU.Build.0 = Debug|Any CPU
		{5B6F55F1-55DC-4FC2-876D-B9D303687594}.Release|Any CPU.ActiveCfg = Release|Any CPU
		{5B6F55F1-55DC-4FC2-876D-B9D303687594}.Release|Any CPU.Build.0 = Release|Any CPU
		{C7B353C6-598E-4795-94A4-990F2ABDCDE0}.Debug|Any CPU.ActiveCfg = Debug|Any CPU
		{C7B353C6-598E-4795-94A4-990F2ABDCDE0}.Debug|Any CPU.Build.0 = Debug|Any CPU
		{C7B353C6-598E-4795-94A4-990F2ABDCDE0}.Release|Any CPU.ActiveCfg = Release|Any CPU
		{C7B353C6-598E-4795-94A4-990F2ABDCDE0}.Release|Any CPU.Build.0 = Release|Any CPU
	EndGlobalSection
	GlobalSection(SolutionProperties) = preSolution
		HideSolutionNode = FALSE
	EndGlobalSection
EndGlobal
